
Microsoft Visual Studio Solution File, Format Version 12.00
# Visual Studio Version 17
VisualStudioVersion = 17.7.34024.191
MinimumVisualStudioVersion = 10.0.40219.1
Project("{9A19103F-16F7-4668-BE54-9A1E7A4F7556}") = "TRANSCONNET", "TRANSCONNET.csproj", "{D0927BE4-4195-4146-9975-A3D3D152A3A8}"
EndProject
Project("{FAE04EC0-301F-11D3-BF4B-00C04F79EFBC}") = "transconnetform", "..\transconnetform\transconnetform.csproj", "{62F5E280-E917-4FEC-97B6-DC2166199A11}"
EndProject
Global
	GlobalSection(SolutionConfigurationPlatforms) = preSolution
		Debug|Any CPU = Debug|Any CPU
		Release|Any CPU = Release|Any CPU
	EndGlobalSection
	GlobalSection(ProjectConfigurationPlatforms) = postSolution
		{D0927BE4-4195-4146-9975-A3D3D152A3A8}.Debug|Any CPU.ActiveCfg = Debug|Any CPU
		{D0927BE4-4195-4146-9975-A3D3D152A3A8}.Debug|Any CPU.Build.0 = Debug|Any CPU
		{D0927BE4-4195-4146-9975-A3D3D152A3A8}.Release|Any CPU.ActiveCfg = Release|Any CPU
		{D0927BE4-4195-4146-9975-A3D3D152A3A8}.Release|Any CPU.Build.0 = Release|Any CPU
		{62F5E280-E917-4FEC-97B6-DC2166199A11}.Debug|Any CPU.ActiveCfg = Debug|Any CPU
		{62F5E280-E917-4FEC-97B6-DC2166199A11}.Debug|Any CPU.Build.0 = Debug|Any CPU
		{62F5E280-E917-4FEC-97B6-DC2166199A11}.Release|Any CPU.ActiveCfg = Release|Any CPU
		{62F5E280-E917-4FEC-97B6-DC2166199A11}.Release|Any CPU.Build.0 = Release|Any CPU
	EndGlobalSection
	GlobalSection(SolutionProperties) = preSolution
		HideSolutionNode = FALSE
	EndGlobalSection
	GlobalSection(ExtensibilityGlobals) = postSolution
		SolutionGuid = {CF7B8218-9221-41B4-8B3D-E191BB2BB03F}
	EndGlobalSection
EndGlobal
